
Microsoft Visual Studio Solution File, Format Version 12.00
# Visual Studio 15
VisualStudioVersion = 15.0.28010.2016
MinimumVisualStudioVersion = 10.0.40219.1
Project("{FAE04EC0-301F-11D3-BF4B-00C04F79EFBC}") = "Gocery_List", "Gocery_List\Gocery_List.csproj", "{88BFD51E-EB65-4405-86E3-1B63A54A9AE9}"
EndProject
Global
	GlobalSection(SolutionConfigurationPlatforms) = preSolution
		Debug|Any CPU = Debug|Any CPU
		Release|Any CPU = Release|Any CPU
	EndGlobalSection
	GlobalSection(ProjectConfigurationPlatforms) = postSolution
		{88BFD51E-EB65-4405-86E3-1B63A54A9AE9}.Debug|Any CPU.ActiveCfg = Debug|Any CPU
		{88BFD51E-EB65-4405-86E3-1B63A54A9AE9}.Debug|Any CPU.Build.0 = Debug|Any CPU
		{88BFD51E-EB65-4405-86E3-1B63A54A9AE9}.Release|Any CPU.ActiveCfg = Release|Any CPU
		{88BFD51E-EB65-4405-86E3-1B63A54A9AE9}.Release|Any CPU.Build.0 = Release|Any CPU
	EndGlobalSection
	GlobalSection(SolutionProperties) = preSolution
		HideSolutionNode = FALSE
	EndGlobalSection
	GlobalSection(ExtensibilityGlobals) = postSolution
		SolutionGuid = {AD28BF7D-6926-4929-959E-39C69CA8EA99}
	EndGlobalSection
EndGlobal
