
Microsoft Visual Studio Solution File, Format Version 12.00
# Visual Studio 15
VisualStudioVersion = 15.0.28010.2016
MinimumVisualStudioVersion = 10.0.40219.1
Project("{FAE04EC0-301F-11D3-BF4B-00C04F79EFBC}") = "Daiblo3Equipmentset", "Daiblo3Equipmentset\Daiblo3Equipmentset.csproj", "{B949B334-4097-4D1A-B78C-86C6526DFCA4}"
EndProject
Global
	GlobalSection(SolutionConfigurationPlatforms) = preSolution
		Debug|Any CPU = Debug|Any CPU
		Release|Any CPU = Release|Any CPU
	EndGlobalSection
	GlobalSection(ProjectConfigurationPlatforms) = postSolution
		{B949B334-4097-4D1A-B78C-86C6526DFCA4}.Debug|Any CPU.ActiveCfg = Debug|Any CPU
		{B949B334-4097-4D1A-B78C-86C6526DFCA4}.Debug|Any CPU.Build.0 = Debug|Any CPU
		{B949B334-4097-4D1A-B78C-86C6526DFCA4}.Release|Any CPU.ActiveCfg = Release|Any CPU
		{B949B334-4097-4D1A-B78C-86C6526DFCA4}.Release|Any CPU.Build.0 = Release|Any CPU
	EndGlobalSection
	GlobalSection(SolutionProperties) = preSolution
		HideSolutionNode = FALSE
	EndGlobalSection
	GlobalSection(ExtensibilityGlobals) = postSolution
		SolutionGuid = {CE0BA42B-FDB6-4272-A4A2-0E0975A89E72}
	EndGlobalSection
EndGlobal
