
Microsoft Visual Studio Solution File, Format Version 12.00
# Visual Studio 15
VisualStudioVersion = 15.0.28010.2016
MinimumVisualStudioVersion = 10.0.40219.1
Project("{FAE04EC0-301F-11D3-BF4B-00C04F79EFBC}") = "CreatingFilePathsAndTxtFile", "CreatingFilePathsAndTxtFile\CreatingFilePathsAndTxtFile.csproj", "{8351A1D8-D550-4E80-8D55-3A138744F9A0}"
EndProject
Global
	GlobalSection(SolutionConfigurationPlatforms) = preSolution
		Debug|Any CPU = Debug|Any CPU
		Release|Any CPU = Release|Any CPU
	EndGlobalSection
	GlobalSection(ProjectConfigurationPlatforms) = postSolution
		{8351A1D8-D550-4E80-8D55-3A138744F9A0}.Debug|Any CPU.ActiveCfg = Debug|Any CPU
		{8351A1D8-D550-4E80-8D55-3A138744F9A0}.Debug|Any CPU.Build.0 = Debug|Any CPU
		{8351A1D8-D550-4E80-8D55-3A138744F9A0}.Release|Any CPU.ActiveCfg = Release|Any CPU
		{8351A1D8-D550-4E80-8D55-3A138744F9A0}.Release|Any CPU.Build.0 = Release|Any CPU
	EndGlobalSection
	GlobalSection(SolutionProperties) = preSolution
		HideSolutionNode = FALSE
	EndGlobalSection
	GlobalSection(ExtensibilityGlobals) = postSolution
		SolutionGuid = {D99A53AC-E671-4EE2-BE55-4F7D083A2756}
	EndGlobalSection
EndGlobal
