
Microsoft Visual Studio Solution File, Format Version 12.00
# Visual Studio 15
VisualStudioVersion = 15.0.28010.2016
MinimumVisualStudioVersion = 10.0.40219.1
Project("{FAE04EC0-301F-11D3-BF4B-00C04F79EFBC}") = "using systemio class", "using systemio class\using systemio class.csproj", "{53298977-73FA-4369-9487-B1CEFC8488FE}"
EndProject
Global
	GlobalSection(SolutionConfigurationPlatforms) = preSolution
		Debug|Any CPU = Debug|Any CPU
		Release|Any CPU = Release|Any CPU
	EndGlobalSection
	GlobalSection(ProjectConfigurationPlatforms) = postSolution
		{53298977-73FA-4369-9487-B1CEFC8488FE}.Debug|Any CPU.ActiveCfg = Debug|Any CPU
		{53298977-73FA-4369-9487-B1CEFC8488FE}.Debug|Any CPU.Build.0 = Debug|Any CPU
		{53298977-73FA-4369-9487-B1CEFC8488FE}.Release|Any CPU.ActiveCfg = Release|Any CPU
		{53298977-73FA-4369-9487-B1CEFC8488FE}.Release|Any CPU.Build.0 = Release|Any CPU
	EndGlobalSection
	GlobalSection(SolutionProperties) = preSolution
		HideSolutionNode = FALSE
	EndGlobalSection
	GlobalSection(ExtensibilityGlobals) = postSolution
		SolutionGuid = {2370008D-18D9-43B7-AC1C-1D7FE224A5C1}
	EndGlobalSection
EndGlobal
