
Microsoft Visual Studio Solution File, Format Version 12.00
# Visual Studio 15
VisualStudioVersion = 15.0.28010.2016
MinimumVisualStudioVersion = 10.0.40219.1
Project("{FAE04EC0-301F-11D3-BF4B-00C04F79EFBC}") = "CalculatorAppv2", "CalculatorAppv2\CalculatorAppv2.csproj", "{8FE401C3-5FE7-4F2C-BCCF-FD6ACA8106D5}"
EndProject
Global
	GlobalSection(SolutionConfigurationPlatforms) = preSolution
		Debug|Any CPU = Debug|Any CPU
		Release|Any CPU = Release|Any CPU
	EndGlobalSection
	GlobalSection(ProjectConfigurationPlatforms) = postSolution
		{8FE401C3-5FE7-4F2C-BCCF-FD6ACA8106D5}.Debug|Any CPU.ActiveCfg = Debug|Any CPU
		{8FE401C3-5FE7-4F2C-BCCF-FD6ACA8106D5}.Debug|Any CPU.Build.0 = Debug|Any CPU
		{8FE401C3-5FE7-4F2C-BCCF-FD6ACA8106D5}.Release|Any CPU.ActiveCfg = Release|Any CPU
		{8FE401C3-5FE7-4F2C-BCCF-FD6ACA8106D5}.Release|Any CPU.Build.0 = Release|Any CPU
	EndGlobalSection
	GlobalSection(SolutionProperties) = preSolution
		HideSolutionNode = FALSE
	EndGlobalSection
	GlobalSection(ExtensibilityGlobals) = postSolution
		SolutionGuid = {E4F598BA-2BF1-4A5F-B1B4-6A5A327FD05D}
	EndGlobalSection
EndGlobal
